
Microsoft Visual Studio Solution File, Format Version 12.00
# Visual Studio Version 17
VisualStudioVersion = 17.11.35222.181
MinimumVisualStudioVersion = 10.0.40219.1
Project("{FAE04EC0-301F-11D3-BF4B-00C04F79EFBC}") = "Week3IfAndSwitch", "Week3IfAndSwitch\Week3IfAndSwitch.csproj", "{B62E435D-0AC7-4D3E-A6EA-5C9AB3CF9B1A}"
EndProject
Project("{FAE04EC0-301F-11D3-BF4B-00C04F79EFBC}") = "OddOrEven", "OddOrEven\OddOrEven.csproj", "{9AB57EAD-C341-4DBE-9611-08ED0ABDCBB2}"
EndProject
Project("{FAE04EC0-301F-11D3-BF4B-00C04F79EFBC}") = "IfDayOfTheWeek", "IfDayOfTheWeek\IfDayOfTheWeek.csproj", "{1624568B-8526-4202-A870-EC34C17664FB}"
EndProject
Project("{FAE04EC0-301F-11D3-BF4B-00C04F79EFBC}") = "SwitchDayOfTheWeek", "SwitchDayOfTheWeek\SwitchDayOfTheWeek.csproj", "{1EB9BD5B-4C36-4611-8DAE-E39671864291}"
EndProject
Global
	GlobalSection(SolutionConfigurationPlatforms) = preSolution
		Debug|Any CPU = Debug|Any CPU
		Release|Any CPU = Release|Any CPU
	EndGlobalSection
	GlobalSection(ProjectConfigurationPlatforms) = postSolution
		{B62E435D-0AC7-4D3E-A6EA-5C9AB3CF9B1A}.Debug|Any CPU.ActiveCfg = Debug|Any CPU
		{B62E435D-0AC7-4D3E-A6EA-5C9AB3CF9B1A}.Debug|Any CPU.Build.0 = Debug|Any CPU
		{B62E435D-0AC7-4D3E-A6EA-5C9AB3CF9B1A}.Release|Any CPU.ActiveCfg = Release|Any CPU
		{B62E435D-0AC7-4D3E-A6EA-5C9AB3CF9B1A}.Release|Any CPU.Build.0 = Release|Any CPU
		{9AB57EAD-C341-4DBE-9611-08ED0ABDCBB2}.Debug|Any CPU.ActiveCfg = Debug|Any CPU
		{9AB57EAD-C341-4DBE-9611-08ED0ABDCBB2}.Debug|Any CPU.Build.0 = Debug|Any CPU
		{9AB57EAD-C341-4DBE-9611-08ED0ABDCBB2}.Release|Any CPU.ActiveCfg = Release|Any CPU
		{9AB57EAD-C341-4DBE-9611-08ED0ABDCBB2}.Release|Any CPU.Build.0 = Release|Any CPU
		{1624568B-8526-4202-A870-EC34C17664FB}.Debug|Any CPU.ActiveCfg = Debug|Any CPU
		{1624568B-8526-4202-A870-EC34C17664FB}.Debug|Any CPU.Build.0 = Debug|Any CPU
		{1624568B-8526-4202-A870-EC34C17664FB}.Release|Any CPU.ActiveCfg = Release|Any CPU
		{1624568B-8526-4202-A870-EC34C17664FB}.Release|Any CPU.Build.0 = Release|Any CPU
		{1EB9BD5B-4C36-4611-8DAE-E39671864291}.Debug|Any CPU.ActiveCfg = Debug|Any CPU
		{1EB9BD5B-4C36-4611-8DAE-E39671864291}.Debug|Any CPU.Build.0 = Debug|Any CPU
		{1EB9BD5B-4C36-4611-8DAE-E39671864291}.Release|Any CPU.ActiveCfg = Release|Any CPU
		{1EB9BD5B-4C36-4611-8DAE-E39671864291}.Release|Any CPU.Build.0 = Release|Any CPU
	EndGlobalSection
	GlobalSection(SolutionProperties) = preSolution
		HideSolutionNode = FALSE
	EndGlobalSection
	GlobalSection(ExtensibilityGlobals) = postSolution
		SolutionGuid = {59156DDA-914E-41AB-B97F-CE3833385780}
	EndGlobalSection
EndGlobal
